// !$*UTF8*$!
{
	archiveVersion = 1;
	classes = {
	};
	objectVersion = 56;
	objects = {

/* Begin PBXBuildFile section */
		F9EEC91629C87A3D002405E1 /* NotesAppApp.swift in Sources */ = {isa = PBXBuildFile; fileRef = F9EEC91529C87A3D002405E1 /* NotesAppApp.swift */; };
		F9EEC91829C87A3D002405E1 /* NotesView.swift in Sources */ = {isa = PBXBuildFile; fileRef = F9EEC91729C87A3D002405E1 /* NotesView.swift */; };
		F9EEC91A29C87A3E002405E1 /* Assets.xcassets in Resources */ = {isa = PBXBuildFile; fileRef = F9EEC91929C87A3E002405E1 /* Assets.xcassets */; };
		F9EEC91D29C87A3E002405E1 /* Preview Assets.xcassets in Resources */ = {isa = PBXBuildFile; fileRef = F9EEC91C29C87A3E002405E1 /* Preview Assets.xcassets */; };
		F9EEC92529C87BAE002405E1 /* Alamofire in Frameworks */ = {isa = PBXBuildFile; productRef = F9EEC92429C87BAE002405E1 /* Alamofire */; };
		F9EEC92829C87D60002405E1 /* SwiftyJSON in Frameworks */ = {isa = PBXBuildFile; productRef = F9EEC92729C87D60002405E1 /* SwiftyJSON */; };
		F9FDAA2929C8A99300A955F0 /* NotesRequest.swift in Sources */ = {isa = PBXBuildFile; fileRef = F9FDAA2829C8A99300A955F0 /* NotesRequest.swift */; };
		F9FDAA2B29C8BD1500A955F0 /* NotesSheetView.swift in Sources */ = {isa = PBXBuildFile; fileRef = F9FDAA2A29C8BD1500A955F0 /* NotesSheetView.swift */; };
		F9FDAA2D29C8BDB500A955F0 /* NotesModel.swift in Sources */ = {isa = PBXBuildFile; fileRef = F9FDAA2C29C8BDB500A955F0 /* NotesModel.swift */; };
/* End PBXBuildFile section */

/* Begin PBXFileReference section */
		F9EEC91229C87A3D002405E1 /* NotesApp.app */ = {isa = PBXFileReference; explicitFileType = wrapper.application; includeInIndex = 0; path = NotesApp.app; sourceTree = BUILT_PRODUCTS_DIR; };
		F9EEC91529C87A3D002405E1 /* NotesAppApp.swift */ = {isa = PBXFileReference; lastKnownFileType = sourcecode.swift; path = NotesAppApp.swift; sourceTree = "<group>"; };
		F9EEC91729C87A3D002405E1 /* NotesView.swift */ = {isa = PBXFileReference; lastKnownFileType = sourcecode.swift; path = NotesView.swift; sourceTree = "<group>"; };
		F9EEC91929C87A3E002405E1 /* Assets.xcassets */ = {isa = PBXFileReference; lastKnownFileType = folder.assetcatalog; path = Assets.xcassets; sourceTree = "<group>"; };
		F9EEC91C29C87A3E002405E1 /* Preview Assets.xcassets */ = {isa = PBXFileReference; lastKnownFileType = folder.assetcatalog; path = "Preview Assets.xcassets"; sourceTree = "<group>"; };
		F9FDAA2829C8A99300A955F0 /* NotesRequest.swift */ = {isa = PBXFileReference; lastKnownFileType = sourcecode.swift; path = NotesRequest.swift; sourceTree = "<group>"; };
		F9FDAA2A29C8BD1500A955F0 /* NotesSheetView.swift */ = {isa = PBXFileReference; lastKnownFileType = sourcecode.swift; path = NotesSheetView.swift; sourceTree = "<group>"; };
		F9FDAA2C29C8BDB500A955F0 /* NotesModel.swift */ = {isa = PBXFileReference; lastKnownFileType = sourcecode.swift; path = NotesModel.swift; sourceTree = "<group>"; };
/* End PBXFileReference section */

/* Begin PBXFrameworksBuildPhase section */
		F9EEC90F29C87A3D002405E1 /* Frameworks */ = {
			isa = PBXFrameworksBuildPhase;
			buildActionMask = 2147483647;
			files = (
				F9EEC92829C87D60002405E1 /* SwiftyJSON in Frameworks */,
				F9EEC92529C87BAE002405E1 /* Alamofire in Frameworks */,
			);
			runOnlyForDeploymentPostprocessing = 0;
		};
/* End PBXFrameworksBuildPhase section */

/* Begin PBXGroup section */
		F9EEC90929C87A3D002405E1 = {
			isa = PBXGroup;
			children = (
				F9EEC91429C87A3D002405E1 /* NotesApp */,
				F9EEC91329C87A3D002405E1 /* Products */,
			);
			sourceTree = "<group>";
		};
		F9EEC91329C87A3D002405E1 /* Products */ = {
			isa = PBXGroup;
			children = (
				F9EEC91229C87A3D002405E1 /* NotesApp.app */,
			);
			name = Products;
			sourceTree = "<group>";
		};
		F9EEC91429C87A3D002405E1 /* NotesApp */ = {
			isa = PBXGroup;
			children = (
				F9EEC91529C87A3D002405E1 /* NotesAppApp.swift */,
				F9EEC91729C87A3D002405E1 /* NotesView.swift */,
				F9FDAA2829C8A99300A955F0 /* NotesRequest.swift */,
				F9EEC91929C87A3E002405E1 /* Assets.xcassets */,
				F9EEC91B29C87A3E002405E1 /* Preview Content */,
				F9FDAA2A29C8BD1500A955F0 /* NotesSheetView.swift */,
				F9FDAA2C29C8BDB500A955F0 /* NotesModel.swift */,
			);
			path = NotesApp;
			sourceTree = "<group>";
		};
		F9EEC91B29C87A3E002405E1 /* Preview Content */ = {
			isa = PBXGroup;
			children = (
				F9EEC91C29C87A3E002405E1 /* Preview Assets.xcassets */,
			);
			path = "Preview Content";
			sourceTree = "<group>";
		};
/* End PBXGroup section */

/* Begin PBXNativeTarget section */
		F9EEC91129C87A3D002405E1 /* NotesApp */ = {
			isa = PBXNativeTarget;
			buildConfigurationList = F9EEC92029C87A3E002405E1 /* Build configuration list for PBXNativeTarget "NotesApp" */;
			buildPhases = (
				F9EEC90E29C87A3D002405E1 /* Sources */,
				F9EEC90F29C87A3D002405E1 /* Frameworks */,
				F9EEC91029C87A3D002405E1 /* Resources */,
			);
			buildRules = (
			);
			dependencies = (
			);
			name = NotesApp;
			packageProductDependencies = (
				F9EEC92429C87BAE002405E1 /* Alamofire */,
				F9EEC92729C87D60002405E1 /* SwiftyJSON */,
			);
			productName = NotesApp;
			productReference = F9EEC91229C87A3D002405E1 /* NotesApp.app */;
			productType = "com.apple.product-type.application";
		};
/* End PBXNativeTarget section */

/* Begin PBXProject section */
		F9EEC90A29C87A3D002405E1 /* Project object */ = {
			isa = PBXProject;
			attributes = {
				BuildIndependentTargetsInParallel = 1;
				LastSwiftUpdateCheck = 1420;
				LastUpgradeCheck = 1420;
				TargetAttributes = {
					F9EEC91129C87A3D002405E1 = {
						CreatedOnToolsVersion = 14.2;
					};
				};
			};
			buildConfigurationList = F9EEC90D29C87A3D002405E1 /* Build configuration list for PBXProject "NotesApp" */;
			compatibilityVersion = "Xcode 14.0";
			developmentRegion = en;
			hasScannedForEncodings = 0;
			knownRegions = (
				en,
				Base,
			);
			mainGroup = F9EEC90929C87A3D002405E1;
			packageReferences = (
				F9EEC92329C87BAE002405E1 /* XCRemoteSwiftPackageReference "Alamofire" */,
				F9EEC92629C87D60002405E1 /* XCRemoteSwiftPackageReference "SwiftyJSON" */,
			);
			productRefGroup = F9EEC91329C87A3D002405E1 /* Products */;
			projectDirPath = "";
			projectRoot = "";
			targets = (
				F9EEC91129C87A3D002405E1 /* NotesApp */,
			);
		};
/* End PBXProject section */

/* Begin PBXResourcesBuildPhase section */
		F9EEC91029C87A3D002405E1 /* Resources */ = {
			isa = PBXResourcesBuildPhase;
			buildActionMask = 2147483647;
			files = (
				F9EEC91D29C87A3E002405E1 /* Preview Assets.xcassets in Resources */,
				F9EEC91A29C87A3E002405E1 /* Assets.xcassets in Resources */,
			);
			runOnlyForDeploymentPostprocessing = 0;
		};
/* End PBXResourcesBuildPhase section */

/* Begin PBXSourcesBuildPhase section */
		F9EEC90E29C87A3D002405E1 /* Sources */ = {
			isa = PBXSourcesBuildPhase;
			buildActionMask = 2147483647;
			files = (
				F9FDAA2B29C8BD1500A955F0 /* NotesSheetView.swift in Sources */,
				F9EEC91829C87A3D002405E1 /* NotesView.swift in Sources */,
				F9EEC91629C87A3D002405E1 /* NotesAppApp.swift in Sources */,
				F9FDAA2929C8A99300A955F0 /* NotesRequest.swift in Sources */,
				F9FDAA2D29C8BDB500A955F0 /* NotesModel.swift in Sources */,
			);
			runOnlyForDeploymentPostprocessing = 0;
		};
/* End PBXSourcesBuildPhase section */

/* Begin XCBuildConfiguration section */
		F9EEC91E29C87A3E002405E1 /* Debug */ = {
			isa = XCBuildConfiguration;
			buildSettings = {
				ALWAYS_SEARCH_USER_PATHS = NO;
				CLANG_ANALYZER_NONNULL = YES;
				CLANG_ANALYZER_NUMBER_OBJECT_CONVERSION = YES_AGGRESSIVE;
				CLANG_CXX_LANGUAGE_STANDARD = "gnu++20";
				CLANG_ENABLE_MODULES = YES;
				CLANG_ENABLE_OBJC_ARC = YES;
				CLANG_ENABLE_OBJC_WEAK = YES;
				CLANG_WARN_BLOCK_CAPTURE_AUTORELEASING = YES;
				CLANG_WARN_BOOL_CONVERSION = YES;
				CLANG_WARN_COMMA = YES;
				CLANG_WARN_CONSTANT_CONVERSION = YES;
				CLANG_WARN_DEPRECATED_OBJC_IMPLEMENTATIONS = YES;
				CLANG_WARN_DIRECT_OBJC_ISA_USAGE = YES_ERROR;
				CLANG_WARN_DOCUMENTATION_COMMENTS = YES;
				CLANG_WARN_EMPTY_BODY = YES;
				CLANG_WARN_ENUM_CONVERSION = YES;
				CLANG_WARN_INFINITE_RECURSION = YES;
				CLANG_WARN_INT_CONVERSION = YES;
				CLANG_WARN_NON_LITERAL_NULL_CONVERSION = YES;
				CLANG_WARN_OBJC_IMPLICIT_RETAIN_SELF = YES;
				CLANG_WARN_OBJC_LITERAL_CONVERSION = YES;
				CLANG_WARN_OBJC_ROOT_CLASS = YES_ERROR;
				CLANG_WARN_QUOTED_INCLUDE_IN_FRAMEWORK_HEADER = YES;
				CLANG_WARN_RANGE_LOOP_ANALYSIS = YES;
				CLANG_WARN_STRICT_PROTOTYPES = YES;
				CLANG_WARN_SUSPICIOUS_MOVE = YES;
				CLANG_WARN_UNGUARDED_AVAILABILITY = YES_AGGRESSIVE;
				CLANG_WARN_UNREACHABLE_CODE = YES;
				CLANG_WARN__DUPLICATE_METHOD_MATCH = YES;
				COPY_PHASE_STRIP = NO;
				DEBUG_INFORMATION_FORMAT = dwarf;
				ENABLE_STRICT_OBJC_MSGSEND = YES;
				ENABLE_TESTABILITY = YES;
				GCC_C_LANGUAGE_STANDARD = gnu11;
				GCC_DYNAMIC_NO_PIC = NO;
				GCC_NO_COMMON_BLOCKS = YES;
				GCC_OPTIMIZATION_LEVEL = 0;
				GCC_PREPROCESSOR_DEFINITIONS = (
					"DEBUG=1",
					"$(inherited)",
				);
				GCC_WARN_64_TO_32_BIT_CONVERSION = YES;
				GCC_WARN_ABOUT_RETURN_TYPE = YES_ERROR;
				GCC_WARN_UNDECLARED_SELECTOR = YES;
				GCC_WARN_UNINITIALIZED_AUTOS = YES_AGGRESSIVE;
				GCC_WARN_UNUSED_FUNCTION = YES;
				GCC_WARN_UNUSED_VARIABLE = YES;
				IPHONEOS_DEPLOYMENT_TARGET = 16.2;
				MTL_ENABLE_DEBUG_INFO = INCLUDE_SOURCE;
				MTL_FAST_MATH = YES;
				ONLY_ACTIVE_ARCH = YES;
				SDKROOT = iphoneos;
				SWIFT_ACTIVE_COMPILATION_CONDITIONS = DEBUG;
				SWIFT_OPTIMIZATION_LEVEL = "-Onone";
			};
			name = Debug;
		};
		F9EEC91F29C87A3E002405E1 /* Release */ = {
			isa = XCBuildConfiguration;
			buildSettings = {
				ALWAYS_SEARCH_USER_PATHS = NO;
				CLANG_ANALYZER_NONNULL = YES;
				CLANG_ANALYZER_NUMBER_OBJECT_CONVERSION = YES_AGGRESSIVE;
				CLANG_CXX_LANGUAGE_STANDARD = "gnu++20";
				CLANG_ENABLE_MODULES = YES;
				CLANG_ENABLE_OBJC_ARC = YES;
				CLANG_ENABLE_OBJC_WEAK = YES;
				CLANG_WARN_BLOCK_CAPTURE_AUTORELEASING = YES;
				CLANG_WARN_BOOL_CONVERSION = YES;
				CLANG_WARN_COMMA = YES;
				CLANG_WARN_CONSTANT_CONVERSION = YES;
				CLANG_WARN_DEPRECATED_OBJC_IMPLEMENTATIONS = YES;
				CLANG_WARN_DIRECT_OBJC_ISA_USAGE = YES_ERROR;
				CLANG_WARN_DOCUMENTATION_COMMENTS = YES;
				CLANG_WARN_EMPTY_BODY = YES;
				CLANG_WARN_ENUM_CONVERSION = YES;
				CLANG_WARN_INFINITE_RECURSION = YES;
				CLANG_WARN_INT_CONVERSION = YES;
				CLANG_WARN_NON_LITERAL_NULL_CONVERSION = YES;
				CLANG_WARN_OBJC_IMPLICIT_RETAIN_SELF = YES;
				CLANG_WARN_OBJC_LITERAL_CONVERSION = YES;
				CLANG_WARN_OBJC_ROOT_CLASS = YES_ERROR;
				CLANG_WARN_QUOTED_INCLUDE_IN_FRAMEWORK_HEADER = YES;
				CLANG_WARN_RANGE_LOOP_ANALYSIS = YES;
				CLANG_WARN_STRICT_PROTOTYPES = YES;
				CLANG_WARN_SUSPICIOUS_MOVE = YES;
				CLANG_WARN_UNGUARDED_AVAILABILITY = YES_AGGRESSIVE;
				CLANG_WARN_UNREACHABLE_CODE = YES;
				CLANG_WARN__DUPLICATE_METHOD_MATCH = YES;
				COPY_PHASE_STRIP = NO;
				DEBUG_INFORMATION_FORMAT = "dwarf-with-dsym";
				ENABLE_NS_ASSERTIONS = NO;
				ENABLE_STRICT_OBJC_MSGSEND = YES;
				GCC_C_LANGUAGE_STANDARD = gnu11;
				GCC_NO_COMMON_BLOCKS = YES;
				GCC_WARN_64_TO_32_BIT_CONVERSION = YES;
				GCC_WARN_ABOUT_RETURN_TYPE = YES_ERROR;
				GCC_WARN_UNDECLARED_SELECTOR = YES;
				GCC_WARN_UNINITIALIZED_AUTOS = YES_AGGRESSIVE;
				GCC_WARN_UNUSED_FUNCTION = YES;
				GCC_WARN_UNUSED_VARIABLE = YES;
				IPHONEOS_DEPLOYMENT_TARGET = 16.2;
				MTL_ENABLE_DEBUG_INFO = NO;
				MTL_FAST_MATH = YES;
				SDKROOT = iphoneos;
				SWIFT_COMPILATION_MODE = wholemodule;
				SWIFT_OPTIMIZATION_LEVEL = "-O";
				VALIDATE_PRODUCT = YES;
			};
			name = Release;
		};
		F9EEC92129C87A3E002405E1 /* Debug */ = {
			isa = XCBuildConfiguration;
			buildSettings = {
				ASSETCATALOG_COMPILER_APPICON_NAME = AppIcon;
				ASSETCATALOG_COMPILER_GLOBAL_ACCENT_COLOR_NAME = AccentColor;
				CODE_SIGN_STYLE = Automatic;
				CURRENT_PROJECT_VERSION = 1;
				DEVELOPMENT_ASSET_PATHS = "\"NotesApp/Preview Content\"";
				ENABLE_PREVIEWS = YES;
				GENERATE_INFOPLIST_FILE = YES;
				INFOPLIST_KEY_UIApplicationSceneManifest_Generation = YES;
				INFOPLIST_KEY_UIApplicationSupportsIndirectInputEvents = YES;
				INFOPLIST_KEY_UILaunchScreen_Generation = YES;
				INFOPLIST_KEY_UISupportedInterfaceOrientations_iPad = "UIInterfaceOrientationPortrait UIInterfaceOrientationPortraitUpsideDown UIInterfaceOrientationLandscapeLeft UIInterfaceOrientationLandscapeRight";
				INFOPLIST_KEY_UISupportedInterfaceOrientations_iPhone = "UIInterfaceOrientationPortrait UIInterfaceOrientationLandscapeLeft UIInterfaceOrientationLandscapeRight";
				LD_RUNPATH_SEARCH_PATHS = (
					"$(inherited)",
					"@executable_path/Frameworks",
				);
				MARKETING_VERSION = 1.0;
				PRODUCT_BUNDLE_IDENTIFIER = com.rohit.NotesApp;
				PRODUCT_NAME = "$(TARGET_NAME)";
				SWIFT_EMIT_LOC_STRINGS = YES;
				SWIFT_VERSION = 5.0;
				TARGETED_DEVICE_FAMILY = "1,2";
			};
			name = Debug;
		};
		F9EEC92229C87A3E002405E1 /* Release */ = {
			isa = XCBuildConfiguration;
			buildSettings = {
				ASSETCATALOG_COMPILER_APPICON_NAME = AppIcon;
				ASSETCATALOG_COMPILER_GLOBAL_ACCENT_COLOR_NAME = AccentColor;
				CODE_SIGN_STYLE = Automatic;
				CURRENT_PROJECT_VERSION = 1;
				DEVELOPMENT_ASSET_PATHS = "\"NotesApp/Preview Content\"";
				ENABLE_PREVIEWS = YES;
				GENERATE_INFOPLIST_FILE = YES;
				INFOPLIST_KEY_UIApplicationSceneManifest_Generation = YES;
				INFOPLIST_KEY_UIApplicationSupportsIndirectInputEvents = YES;
				INFOPLIST_KEY_UILaunchScreen_Generation = YES;
				INFOPLIST_KEY_UISupportedInterfaceOrientations_iPad = "UIInterfaceOrientationPortrait UIInterfaceOrientationPortraitUpsideDown UIInterfaceOrientationLandscapeLeft UIInterfaceOrientationLandscapeRight";
				INFOPLIST_KEY_UISupportedInterfaceOrientations_iPhone = "UIInterfaceOrientationPortrait UIInterfaceOrientationLandscapeLeft UIInterfaceOrientationLandscapeRight";
				LD_RUNPATH_SEARCH_PATHS = (
					"$(inherited)",
					"@executable_path/Frameworks",
				);
				MARKETING_VERSION = 1.0;
				PRODUCT_BUNDLE_IDENTIFIER = com.rohit.NotesApp;
				PRODUCT_NAME = "$(TARGET_NAME)";
				SWIFT_EMIT_LOC_STRINGS = YES;
				SWIFT_VERSION = 5.0;
				TARGETED_DEVICE_FAMILY = "1,2";
			};
			name = Release;
		};
/* End XCBuildConfiguration section */

/* Begin XCConfigurationList section */
		F9EEC90D29C87A3D002405E1 /* Build configuration list for PBXProject "NotesApp" */ = {
			isa = XCConfigurationList;
			buildConfigurations = (
				F9EEC91E29C87A3E002405E1 /* Debug */,
				F9EEC91F29C87A3E002405E1 /* Release */,
			);
			defaultConfigurationIsVisible = 0;
			defaultConfigurationName = Release;
		};
		F9EEC92029C87A3E002405E1 /* Build configuration list for PBXNativeTarget "NotesApp" */ = {
			isa = XCConfigurationList;
			buildConfigurations = (
				F9EEC92129C87A3E002405E1 /* Debug */,
				F9EEC92229C87A3E002405E1 /* Release */,
			);
			defaultConfigurationIsVisible = 0;
			defaultConfigurationName = Release;
		};
/* End XCConfigurationList section */

/* Begin XCRemoteSwiftPackageReference section */
		F9EEC92329C87BAE002405E1 /* XCRemoteSwiftPackageReference "Alamofire" */ = {
			isa = XCRemoteSwiftPackageReference;
			repositoryURL = "https://github.com/Alamofire/Alamofire.git";
			requirement = {
				kind = upToNextMajorVersion;
				minimumVersion = 5.0.0;
			};
		};
		F9EEC92629C87D60002405E1 /* XCRemoteSwiftPackageReference "SwiftyJSON" */ = {
			isa = XCRemoteSwiftPackageReference;
			repositoryURL = "https://github.com/SwiftyJSON/SwiftyJSON.git";
			requirement = {
				kind = upToNextMajorVersion;
				minimumVersion = 5.0.0;
			};
		};
/* End XCRemoteSwiftPackageReference section */

/* Begin XCSwiftPackageProductDependency section */
		F9EEC92429C87BAE002405E1 /* Alamofire */ = {
			isa = XCSwiftPackageProductDependency;
			package = F9EEC92329C87BAE002405E1 /* XCRemoteSwiftPackageReference "Alamofire" */;
			productName = Alamofire;
		};
		F9EEC92729C87D60002405E1 /* SwiftyJSON */ = {
			isa = XCSwiftPackageProductDependency;
			package = F9EEC92629C87D60002405E1 /* XCRemoteSwiftPackageReference "SwiftyJSON" */;
			productName = SwiftyJSON;
		};
/* End XCSwiftPackageProductDependency section */
	};
	rootObject = F9EEC90A29C87A3D002405E1 /* Project object */;
}
